
Microsoft Visual Studio Solution File, Format Version 12.00
# Visual Studio Version 17
VisualStudioVersion = 17.1.32210.238
MinimumVisualStudioVersion = 10.0.40219.1
Project("{8BC9CEB8-8B4A-11D0-8D11-00A0C91BC942}") = "client", "client\client.vcxproj", "{809BFBB5-4648-493C-B8F6-B2DAD01536E1}"
EndProject
Project("{8BC9CEB8-8B4A-11D0-8D11-00A0C91BC942}") = "server", "server\server.vcxproj", "{93FA409D-38F4-44B0-AE1B-127AE88D538E}"
EndProject
Global
	GlobalSection(SolutionConfigurationPlatforms) = preSolution
		Debug|x64 = Debug|x64
		Debug|x86 = Debug|x86
		Release|x64 = Release|x64
		Release|x86 = Release|x86
	EndGlobalSection
	GlobalSection(ProjectConfigurationPlatforms) = postSolution
		{809BFBB5-4648-493C-B8F6-B2DAD01536E1}.Debug|x64.ActiveCfg = Debug|x64
		{809BFBB5-4648-493C-B8F6-B2DAD01536E1}.Debug|x64.Build.0 = Debug|x64
		{809BFBB5-4648-493C-B8F6-B2DAD01536E1}.Debug|x86.ActiveCfg = Debug|Win32
		{809BFBB5-4648-493C-B8F6-B2DAD01536E1}.Debug|x86.Build.0 = Debug|Win32
		{809BFBB5-4648-493C-B8F6-B2DAD01536E1}.Release|x64.ActiveCfg = Release|x64
		{809BFBB5-4648-493C-B8F6-B2DAD01536E1}.Release|x64.Build.0 = Release|x64
		{809BFBB5-4648-493C-B8F6-B2DAD01536E1}.Release|x86.ActiveCfg = Release|Win32
		{809BFBB5-4648-493C-B8F6-B2DAD01536E1}.Release|x86.Build.0 = Release|Win32
		{93FA409D-38F4-44B0-AE1B-127AE88D538E}.Debug|x64.ActiveCfg = Debug|x64
		{93FA409D-38F4-44B0-AE1B-127AE88D538E}.Debug|x64.Build.0 = Debug|x64
		{93FA409D-38F4-44B0-AE1B-127AE88D538E}.Debug|x86.ActiveCfg = Debug|Win32
		{93FA409D-38F4-44B0-AE1B-127AE88D538E}.Debug|x86.Build.0 = Debug|Win32
		{93FA409D-38F4-44B0-AE1B-127AE88D538E}.Release|x64.ActiveCfg = Release|x64
		{93FA409D-38F4-44B0-AE1B-127AE88D538E}.Release|x64.Build.0 = Release|x64
		{93FA409D-38F4-44B0-AE1B-127AE88D538E}.Release|x86.ActiveCfg = Release|Win32
		{93FA409D-38F4-44B0-AE1B-127AE88D538E}.Release|x86.Build.0 = Release|Win32
	EndGlobalSection
	GlobalSection(SolutionProperties) = preSolution
		HideSolutionNode = FALSE
	EndGlobalSection
	GlobalSection(ExtensibilityGlobals) = postSolution
		SolutionGuid = {16C31DE9-BC12-4061-B76D-63DCBE0AF354}
	EndGlobalSection
EndGlobal
